// !$*UTF8*$!
{
	archiveVersion = 1;
	classes = {
	};
	objectVersion = 46;
	objects = {

/* Begin PBXBuildFile section */
		17302CD61E97FEFD00795A63 /* AppDelegate.swift in Sources */ = {isa = PBXBuildFile; fileRef = 17302CD51E97FEFD00795A63 /* AppDelegate.swift */; };
		17302CD81E97FEFD00795A63 /* FirstViewController.swift in Sources */ = {isa = PBXBuildFile; fileRef = 17302CD71E97FEFD00795A63 /* FirstViewController.swift */; };
		17302CDA1E97FEFD00795A63 /* SecondViewController.swift in Sources */ = {isa = PBXBuildFile; fileRef = 17302CD91E97FEFD00795A63 /* SecondViewController.swift */; };
		17302CDD1E97FEFD00795A63 /* Main.storyboard in Resources */ = {isa = PBXBuildFile; fileRef = 17302CDB1E97FEFD00795A63 /* Main.storyboard */; };
		17302CDF1E97FEFD00795A63 /* Assets.xcassets in Resources */ = {isa = PBXBuildFile; fileRef = 17302CDE1E97FEFD00795A63 /* Assets.xcassets */; };
		17302CE21E97FEFD00795A63 /* LaunchScreen.storyboard in Resources */ = {isa = PBXBuildFile; fileRef = 17302CE01E97FEFD00795A63 /* LaunchScreen.storyboard */; };
		85DE6EA09769DDBEF0B7CF19 /* Pods_Bitcoinzy.framework in Frameworks */ = {isa = PBXBuildFile; fileRef = 02F49C159269A6C7FF40BB2C /* Pods_Bitcoinzy.framework */; };
/* End PBXBuildFile section */

/* Begin PBXFileReference section */
		02F49C159269A6C7FF40BB2C /* Pods_Bitcoinzy.framework */ = {isa = PBXFileReference; explicitFileType = wrapper.framework; includeInIndex = 0; path = Pods_Bitcoinzy.framework; sourceTree = BUILT_PRODUCTS_DIR; };
		17302CD21E97FEFD00795A63 /* Bitcoinzy.app */ = {isa = PBXFileReference; explicitFileType = wrapper.application; includeInIndex = 0; path = Bitcoinzy.app; sourceTree = BUILT_PRODUCTS_DIR; };
		17302CD51E97FEFD00795A63 /* AppDelegate.swift */ = {isa = PBXFileReference; lastKnownFileType = sourcecode.swift; path = AppDelegate.swift; sourceTree = "<group>"; };
		17302CD71E97FEFD00795A63 /* FirstViewController.swift */ = {isa = PBXFileReference; lastKnownFileType = sourcecode.swift; path = FirstViewController.swift; sourceTree = "<group>"; };
		17302CD91E97FEFD00795A63 /* SecondViewController.swift */ = {isa = PBXFileReference; lastKnownFileType = sourcecode.swift; path = SecondViewController.swift; sourceTree = "<group>"; };
		17302CDC1E97FEFD00795A63 /* Base */ = {isa = PBXFileReference; lastKnownFileType = file.storyboard; name = Base; path = Base.lproj/Main.storyboard; sourceTree = "<group>"; };
		17302CDE1E97FEFD00795A63 /* Assets.xcassets */ = {isa = PBXFileReference; lastKnownFileType = folder.assetcatalog; path = Assets.xcassets; sourceTree = "<group>"; };
		17302CE11E97FEFD00795A63 /* Base */ = {isa = PBXFileReference; lastKnownFileType = file.storyboard; name = Base; path = Base.lproj/LaunchScreen.storyboard; sourceTree = "<group>"; };
		17302CE31E97FEFD00795A63 /* Info.plist */ = {isa = PBXFileReference; lastKnownFileType = text.plist.xml; path = Info.plist; sourceTree = "<group>"; };
		82ED48B729FC9613F51F840A /* Pods-Bitcoinzy.release.xcconfig */ = {isa = PBXFileReference; includeInIndex = 1; lastKnownFileType = text.xcconfig; name = "Pods-Bitcoinzy.release.xcconfig"; path = "Pods/Target Support Files/Pods-Bitcoinzy/Pods-Bitcoinzy.release.xcconfig"; sourceTree = "<group>"; };
		85B522D89A08315D7D075BDA /* Pods-Bitcoinzy.debug.xcconfig */ = {isa = PBXFileReference; includeInIndex = 1; lastKnownFileType = text.xcconfig; name = "Pods-Bitcoinzy.debug.xcconfig"; path = "Pods/Target Support Files/Pods-Bitcoinzy/Pods-Bitcoinzy.debug.xcconfig"; sourceTree = "<group>"; };
/* End PBXFileReference section */

/* Begin PBXFrameworksBuildPhase section */
		17302CCF1E97FEFD00795A63 /* Frameworks */ = {
			isa = PBXFrameworksBuildPhase;
			buildActionMask = 2147483647;
			files = (
				85DE6EA09769DDBEF0B7CF19 /* Pods_Bitcoinzy.framework in Frameworks */,
			);
			runOnlyForDeploymentPostprocessing = 0;
		};
/* End PBXFrameworksBuildPhase section */

/* Begin PBXGroup section */
		17302CC91E97FEFD00795A63 = {
			isa = PBXGroup;
			children = (
				17302CD41E97FEFD00795A63 /* Bitcoinzy */,
				17302CD31E97FEFD00795A63 /* Products */,
				43EAFA01E10377C6D35509BB /* Pods */,
				E8E1AF58157441D29FE585C0 /* Frameworks */,
			);
			sourceTree = "<group>";
		};
		17302CD31E97FEFD00795A63 /* Products */ = {
			isa = PBXGroup;
			children = (
				17302CD21E97FEFD00795A63 /* Bitcoinzy.app */,
			);
			name = Products;
			sourceTree = "<group>";
		};
		17302CD41E97FEFD00795A63 /* Bitcoinzy */ = {
			isa = PBXGroup;
			children = (
				17302CD51E97FEFD00795A63 /* AppDelegate.swift */,
				17302CD71E97FEFD00795A63 /* FirstViewController.swift */,
				17302CD91E97FEFD00795A63 /* SecondViewController.swift */,
				17302CDB1E97FEFD00795A63 /* Main.storyboard */,
				17302CDE1E97FEFD00795A63 /* Assets.xcassets */,
				17302CE01E97FEFD00795A63 /* LaunchScreen.storyboard */,
				17302CE31E97FEFD00795A63 /* Info.plist */,
			);
			name = Bitcoinzy;
			path = Bitquinzy;
			sourceTree = "<group>";
		};
		43EAFA01E10377C6D35509BB /* Pods */ = {
			isa = PBXGroup;
			children = (
				85B522D89A08315D7D075BDA /* Pods-Bitcoinzy.debug.xcconfig */,
				82ED48B729FC9613F51F840A /* Pods-Bitcoinzy.release.xcconfig */,
			);
			name = Pods;
			sourceTree = "<group>";
		};
		E8E1AF58157441D29FE585C0 /* Frameworks */ = {
			isa = PBXGroup;
			children = (
				02F49C159269A6C7FF40BB2C /* Pods_Bitcoinzy.framework */,
			);
			name = Frameworks;
			sourceTree = "<group>";
		};
/* End PBXGroup section */

/* Begin PBXNativeTarget section */
		17302CD11E97FEFD00795A63 /* Bitcoinzy */ = {
			isa = PBXNativeTarget;
			buildConfigurationList = 17302CE61E97FEFD00795A63 /* Build configuration list for PBXNativeTarget "Bitcoinzy" */;
			buildPhases = (
				6202F9E6ED9355E4DCE45D19 /* [CP] Check Pods Manifest.lock */,
				17302CCE1E97FEFD00795A63 /* Sources */,
				17302CCF1E97FEFD00795A63 /* Frameworks */,
				17302CD01E97FEFD00795A63 /* Resources */,
				E92E19049C5CBB249006CEE8 /* [CP] Embed Pods Frameworks */,
				3EF9A1C828E3A97F45947C5E /* [CP] Copy Pods Resources */,
			);
			buildRules = (
			);
			dependencies = (
			);
			name = Bitcoinzy;
			productName = Bitquinzy;
			productReference = 17302CD21E97FEFD00795A63 /* Bitcoinzy.app */;
			productType = "com.apple.product-type.application";
		};
/* End PBXNativeTarget section */

/* Begin PBXProject section */
		17302CCA1E97FEFD00795A63 /* Project object */ = {
			isa = PBXProject;
			attributes = {
				LastSwiftUpdateCheck = 0830;
				LastUpgradeCheck = 0830;
				ORGANIZATIONNAME = "Jordan A. Pichler";
				TargetAttributes = {
					17302CD11E97FEFD00795A63 = {
						CreatedOnToolsVersion = 8.3;
						DevelopmentTeam = Q7YASEZ67U;
						ProvisioningStyle = Automatic;
					};
				};
			};
			buildConfigurationList = 17302CCD1E97FEFD00795A63 /* Build configuration list for PBXProject "Bitcoinzy" */;
			compatibilityVersion = "Xcode 3.2";
			developmentRegion = English;
			hasScannedForEncodings = 0;
			knownRegions = (
				en,
				Base,
			);
			mainGroup = 17302CC91E97FEFD00795A63;
			productRefGroup = 17302CD31E97FEFD00795A63 /* Products */;
			projectDirPath = "";
			projectRoot = "";
			targets = (
				17302CD11E97FEFD00795A63 /* Bitcoinzy */,
			);
		};
/* End PBXProject section */

/* Begin PBXResourcesBuildPhase section */
		17302CD01E97FEFD00795A63 /* Resources */ = {
			isa = PBXResourcesBuildPhase;
			buildActionMask = 2147483647;
			files = (
				17302CE21E97FEFD00795A63 /* LaunchScreen.storyboard in Resources */,
				17302CDF1E97FEFD00795A63 /* Assets.xcassets in Resources */,
				17302CDD1E97FEFD00795A63 /* Main.storyboard in Resources */,
			);
			runOnlyForDeploymentPostprocessing = 0;
		};
/* End PBXResourcesBuildPhase section */

/* Begin PBXShellScriptBuildPhase section */
		3EF9A1C828E3A97F45947C5E /* [CP] Copy Pods Resources */ = {
			isa = PBXShellScriptBuildPhase;
			buildActionMask = 2147483647;
			files = (
			);
			inputPaths = (
			);
			name = "[CP] Copy Pods Resources";
			outputPaths = (
			);
			runOnlyForDeploymentPostprocessing = 0;
			shellPath = /bin/sh;
			shellScript = "\"${SRCROOT}/Pods/Target Support Files/Pods-Bitcoinzy/Pods-Bitcoinzy-resources.sh\"\n";
			showEnvVarsInLog = 0;
		};
		6202F9E6ED9355E4DCE45D19 /* [CP] Check Pods Manifest.lock */ = {
			isa = PBXShellScriptBuildPhase;
			buildActionMask = 2147483647;
			files = (
			);
			inputPaths = (
			);
			name = "[CP] Check Pods Manifest.lock";
			outputPaths = (
			);
			runOnlyForDeploymentPostprocessing = 0;
			shellPath = /bin/sh;
			shellScript = "diff \"${PODS_ROOT}/../Podfile.lock\" \"${PODS_ROOT}/Manifest.lock\" > /dev/null\nif [ $? != 0 ] ; then\n    # print error to STDERR\n    echo \"error: The sandbox is not in sync with the Podfile.lock. Run 'pod install' or update your CocoaPods installation.\" >&2\n    exit 1\nfi\n";
			showEnvVarsInLog = 0;
		};
		E92E19049C5CBB249006CEE8 /* [CP] Embed Pods Frameworks */ = {
			isa = PBXShellScriptBuildPhase;
			buildActionMask = 2147483647;
			files = (
			);
			inputPaths = (
			);
			name = "[CP] Embed Pods Frameworks";
			outputPaths = (
			);
			runOnlyForDeploymentPostprocessing = 0;
			shellPath = /bin/sh;
			shellScript = "\"${SRCROOT}/Pods/Target Support Files/Pods-Bitcoinzy/Pods-Bitcoinzy-frameworks.sh\"\n";
			showEnvVarsInLog = 0;
		};
/* End PBXShellScriptBuildPhase section */

/* Begin PBXSourcesBuildPhase section */
		17302CCE1E97FEFD00795A63 /* Sources */ = {
			isa = PBXSourcesBuildPhase;
			buildActionMask = 2147483647;
			files = (
				17302CDA1E97FEFD00795A63 /* SecondViewController.swift in Sources */,
				17302CD61E97FEFD00795A63 /* AppDelegate.swift in Sources */,
				17302CD81E97FEFD00795A63 /* FirstViewController.swift in Sources */,
			);
			runOnlyForDeploymentPostprocessing = 0;
		};
/* End PBXSourcesBuildPhase section */

/* Begin PBXVariantGroup section */
		17302CDB1E97FEFD00795A63 /* Main.storyboard */ = {
			isa = PBXVariantGroup;
			children = (
				17302CDC1E97FEFD00795A63 /* Base */,
			);
			name = Main.storyboard;
			sourceTree = "<group>";
		};
		17302CE01E97FEFD00795A63 /* LaunchScreen.storyboard */ = {
			isa = PBXVariantGroup;
			children = (
				17302CE11E97FEFD00795A63 /* Base */,
			);
			name = LaunchScreen.storyboard;
			sourceTree = "<group>";
		};
/* End PBXVariantGroup section */

/* Begin XCBuildConfiguration section */
		17302CE41E97FEFD00795A63 /* Debug */ = {
			isa = XCBuildConfiguration;
			buildSettings = {
				ALWAYS_SEARCH_USER_PATHS = NO;
				CLANG_ANALYZER_NONNULL = YES;
				CLANG_ANALYZER_NUMBER_OBJECT_CONVERSION = YES_AGGRESSIVE;
				CLANG_CXX_LANGUAGE_STANDARD = "gnu++0x";
				CLANG_CXX_LIBRARY = "libc++";
				CLANG_ENABLE_MODULES = YES;
				CLANG_ENABLE_OBJC_ARC = YES;
				CLANG_WARN_BOOL_CONVERSION = YES;
				CLANG_WARN_CONSTANT_CONVERSION = YES;
				CLANG_WARN_DIRECT_OBJC_ISA_USAGE = YES_ERROR;
				CLANG_WARN_DOCUMENTATION_COMMENTS = YES;
				CLANG_WARN_EMPTY_BODY = YES;
				CLANG_WARN_ENUM_CONVERSION = YES;
				CLANG_WARN_INFINITE_RECURSION = YES;
				CLANG_WARN_INT_CONVERSION = YES;
				CLANG_WARN_OBJC_ROOT_CLASS = YES_ERROR;
				CLANG_WARN_SUSPICIOUS_MOVE = YES;
				CLANG_WARN_UNREACHABLE_CODE = YES;
				CLANG_WARN__DUPLICATE_METHOD_MATCH = YES;
				"CODE_SIGN_IDENTITY[sdk=iphoneos*]" = "iPhone Developer";
				COPY_PHASE_STRIP = NO;
				DEBUG_INFORMATION_FORMAT = dwarf;
				ENABLE_STRICT_OBJC_MSGSEND = YES;
				ENABLE_TESTABILITY = YES;
				GCC_C_LANGUAGE_STANDARD = gnu99;
				GCC_DYNAMIC_NO_PIC = NO;
				GCC_NO_COMMON_BLOCKS = YES;
				GCC_OPTIMIZATION_LEVEL = 0;
				GCC_PREPROCESSOR_DEFINITIONS = (
					"DEBUG=1",
					"$(inherited)",
				);
				GCC_WARN_64_TO_32_BIT_CONVERSION = YES;
				GCC_WARN_ABOUT_RETURN_TYPE = YES_ERROR;
				GCC_WARN_UNDECLARED_SELECTOR = YES;
				GCC_WARN_UNINITIALIZED_AUTOS = YES_AGGRESSIVE;
				GCC_WARN_UNUSED_FUNCTION = YES;
				GCC_WARN_UNUSED_VARIABLE = YES;
				IPHONEOS_DEPLOYMENT_TARGET = 10.3;
				MTL_ENABLE_DEBUG_INFO = YES;
				ONLY_ACTIVE_ARCH = YES;
				SDKROOT = iphoneos;
				SWIFT_ACTIVE_COMPILATION_CONDITIONS = DEBUG;
				SWIFT_OPTIMIZATION_LEVEL = "-Onone";
			};
			name = Debug;
		};
		17302CE51E97FEFD00795A63 /* Release */ = {
			isa = XCBuildConfiguration;
			buildSettings = {
				ALWAYS_SEARCH_USER_PATHS = NO;
				CLANG_ANALYZER_NONNULL = YES;
				CLANG_ANALYZER_NUMBER_OBJECT_CONVERSION = YES_AGGRESSIVE;
				CLANG_CXX_LANGUAGE_STANDARD = "gnu++0x";
				CLANG_CXX_LIBRARY = "libc++";
				CLANG_ENABLE_MODULES = YES;
				CLANG_ENABLE_OBJC_ARC = YES;
				CLANG_WARN_BOOL_CONVERSION = YES;
				CLANG_WARN_CONSTANT_CONVERSION = YES;
				CLANG_WARN_DIRECT_OBJC_ISA_USAGE = YES_ERROR;
				CLANG_WARN_DOCUMENTATION_COMMENTS = YES;
				CLANG_WARN_EMPTY_BODY = YES;
				CLANG_WARN_ENUM_CONVERSION = YES;
				CLANG_WARN_INFINITE_RECURSION = YES;
				CLANG_WARN_INT_CONVERSION = YES;
				CLANG_WARN_OBJC_ROOT_CLASS = YES_ERROR;
				CLANG_WARN_SUSPICIOUS_MOVE = YES;
				CLANG_WARN_UNREACHABLE_CODE = YES;
				CLANG_WARN__DUPLICATE_METHOD_MATCH = YES;
				"CODE_SIGN_IDENTITY[sdk=iphoneos*]" = "iPhone Developer";
				COPY_PHASE_STRIP = NO;
				DEBUG_INFORMATION_FORMAT = "dwarf-with-dsym";
				ENABLE_NS_ASSERTIONS = NO;
				ENABLE_STRICT_OBJC_MSGSEND = YES;
				GCC_C_LANGUAGE_STANDARD = gnu99;
				GCC_NO_COMMON_BLOCKS = YES;
				GCC_WARN_64_TO_32_BIT_CONVERSION = YES;
				GCC_WARN_ABOUT_RETURN_TYPE = YES_ERROR;
				GCC_WARN_UNDECLARED_SELECTOR = YES;
				GCC_WARN_UNINITIALIZED_AUTOS = YES_AGGRESSIVE;
				GCC_WARN_UNUSED_FUNCTION = YES;
				GCC_WARN_UNUSED_VARIABLE = YES;
				IPHONEOS_DEPLOYMENT_TARGET = 10.3;
				MTL_ENABLE_DEBUG_INFO = NO;
				SDKROOT = iphoneos;
				SWIFT_OPTIMIZATION_LEVEL = "-Owholemodule";
				VALIDATE_PRODUCT = YES;
			};
			name = Release;
		};
		17302CE71E97FEFD00795A63 /* Debug */ = {
			isa = XCBuildConfiguration;
			baseConfigurationReference = 85B522D89A08315D7D075BDA /* Pods-Bitcoinzy.debug.xcconfig */;
			buildSettings = {
				ASSETCATALOG_COMPILER_APPICON_NAME = AppIcon;
				DEVELOPMENT_TEAM = Q7YASEZ67U;
				INFOPLIST_FILE = Bitquinzy/Info.plist;
				LD_RUNPATH_SEARCH_PATHS = "$(inherited) @executable_path/Frameworks";
				PRODUCT_BUNDLE_IDENTIFIER = com.jordanpichler.Bitcoinzy;
				PRODUCT_NAME = "$(TARGET_NAME)";
				SWIFT_VERSION = 3.0;
			};
			name = Debug;
		};
		17302CE81E97FEFD00795A63 /* Release */ = {
			isa = XCBuildConfiguration;
			baseConfigurationReference = 82ED48B729FC9613F51F840A /* Pods-Bitcoinzy.release.xcconfig */;
			buildSettings = {
				ASSETCATALOG_COMPILER_APPICON_NAME = AppIcon;
				DEVELOPMENT_TEAM = Q7YASEZ67U;
				INFOPLIST_FILE = Bitquinzy/Info.plist;
				LD_RUNPATH_SEARCH_PATHS = "$(inherited) @executable_path/Frameworks";
				PRODUCT_BUNDLE_IDENTIFIER = com.jordanpichler.Bitcoinzy;
				PRODUCT_NAME = "$(TARGET_NAME)";
				SWIFT_VERSION = 3.0;
			};
			name = Release;
		};
/* End XCBuildConfiguration section */

/* Begin XCConfigurationList section */
		17302CCD1E97FEFD00795A63 /* Build configuration list for PBXProject "Bitcoinzy" */ = {
			isa = XCConfigurationList;
			buildConfigurations = (
				17302CE41E97FEFD00795A63 /* Debug */,
				17302CE51E97FEFD00795A63 /* Release */,
			);
			defaultConfigurationIsVisible = 0;
			defaultConfigurationName = Release;
		};
		17302CE61E97FEFD00795A63 /* Build configuration list for PBXNativeTarget "Bitcoinzy" */ = {
			isa = XCConfigurationList;
			buildConfigurations = (
				17302CE71E97FEFD00795A63 /* Debug */,
				17302CE81E97FEFD00795A63 /* Release */,
			);
			defaultConfigurationIsVisible = 0;
			defaultConfigurationName = Release;
		};
/* End XCConfigurationList section */
	};
	rootObject = 17302CCA1E97FEFD00795A63 /* Project object */;
}
